PODS:
  - Alamofire (4.3.0)
  - SwiftTask (5.0.0)
  - SwiftyJSON (3.1.4)

DEPENDENCIES:
  - Alamofire (~> 4.3.0)
  - SwiftTask (from `https://github.com/Cultivr/SwiftTask.git`, branch `swift/4.0`)
  - SwiftyJSON (~> 3.1.4)

SPEC REPOS:
  https://github.com/CocoaPods/Specs.git:
    - Alamofire
    - SwiftyJSON

EXTERNAL SOURCES:
  SwiftTask:
    :branch: swift/4.0
    :git: https://github.com/Cultivr/SwiftTask.git

CHECKOUT OPTIONS:
  SwiftTask:
    :commit: bcf97f7012f3d0cf6d583456337ce7c45da18ce7
    :git: https://github.com/Cultivr/SwiftTask.git

SPEC CHECKSUMS:
  Alamofire: 856a113053a7bc9cbe5d6367a555d773fc5cfef7
  SwiftTask: 7fcd92f8ac16876e82c0e4ced0cea7e028456b6b
  SwiftyJSON: c2842d878f95482ffceec5709abc3d05680c0220

PODFILE CHECKSUM: f095b99f682b2d63ee194e78e4465266b3795f6e

COCOAPODS: 1.5.0
